# @generated by Move, please check-in and do not edit manually.

[move]
version = 3
manifest_digest = "61551BF2C804F35A92C8B4B43109ABB51CA3359C50B908B12B171F505D15FB2A"
deps_digest = "F8BBB0CCB2491CA29A3DF03D6F92277A4F3574266507ACD77214D37ECA3F3082"
dependencies = [
  { id = "Sui", name = "Sui" },
]

[[move.package]]
id = "MoveStdlib"
source = { git = "https://github.com/MystenLabs/sui.git", rev = "framework/testnet", subdir = "crates/sui-framework/packages/move-stdlib" }

[[move.package]]
id = "Sui"
source = { git = "https://github.com/MystenLabs/sui.git", rev = "framework/testnet", subdir = "crates/sui-framework/packages/sui-framework" }

dependencies = [
  { id = "MoveStdlib", name = "MoveStdlib" },
]

[move.toolchain-version]
compiler-version = "1.60.0"
edition = "2024.beta"
flavor = "sui"

[env]

[env.devnet]
chain-id = "aba3e445"
original-published-id = "0x277ae1c0ea9a9a72c1eb46a8c9e21c585724b29b59d7076e8ea8c5d75ec28ad0"
latest-published-id = "0x277ae1c0ea9a9a72c1eb46a8c9e21c585724b29b59d7076e8ea8c5d75ec28ad0"
published-version = "1"

[env.testnet]
chain-id = "4c78adac"
original-published-id = "0x20d8fcad4e3a8b06909bcac0af6eb4f9af79e8763886f981a33f6d464cd3f95d"
latest-published-id = "0x20d8fcad4e3a8b06909bcac0af6eb4f9af79e8763886f981a33f6d464cd3f95d"
published-version = "1"
